Microsoft Visual Studio Solution File, Format Version 12.00
# Visual Studio Version 17
VisualStudioVersion = 17.5.2.0
MinimumVisualStudioVersion = 10.0.40219.1
Project("{FAE04EC0-301F-11D3-BF4B-00C04F79EFBC}") = "MachineReporting.Api", "MachineReporting.Api.csproj", "{46EAD3BE-8D0A-DEF2-01B3-49003B04732D}"
EndProject
Global
	GlobalSection(SolutionConfigurationPlatforms) = preSolution
		Debug|Any CPU = Debug|Any CPU
		Release|Any CPU = Release|Any CPU
	EndGlobalSection
	GlobalSection(ProjectConfigurationPlatforms) = postSolution
		{46EAD3BE-8D0A-DEF2-01B3-49003B04732D}.Debug|Any CPU.ActiveCfg = Debug|Any CPU
		{46EAD3BE-8D0A-DEF2-01B3-49003B04732D}.Debug|Any CPU.Build.0 = Debug|Any CPU
		{46EAD3BE-8D0A-DEF2-01B3-49003B04732D}.Release|Any CPU.ActiveCfg = Release|Any CPU
		{46EAD3BE-8D0A-DEF2-01B3-49003B04732D}.Release|Any CPU.Build.0 = Release|Any CPU
	EndGlobalSection
	GlobalSection(SolutionProperties) = preSolution
		HideSolutionNode = FALSE
	EndGlobalSection
	GlobalSection(ExtensibilityGlobals) = postSolution
		SolutionGuid = {A8279E21-86E4-4009-8658-AC7C91ACCD4F}
	EndGlobalSection
EndGlobal
